
Microsoft Visual Studio Solution File, Format Version 12.00
# Visual Studio Version 16
VisualStudioVersion = 16.0.31624.102
MinimumVisualStudioVersion = 10.0.40219.1
Project("{FAE04EC0-301F-11D3-BF4B-00C04F79EFBC}") = "AspIntro", "AspIntro\AspIntro.csproj", "{2720E155-FF51-413B-9466-0122F2963159}"
EndProject
Global
	GlobalSection(SolutionConfigurationPlatforms) = preSolution
		Debug|Any CPU = Debug|Any CPU
		Release|Any CPU = Release|Any CPU
	EndGlobalSection
	GlobalSection(ProjectConfigurationPlatforms) = postSolution
		{2720E155-FF51-413B-9466-0122F2963159}.Debug|Any CPU.ActiveCfg = Debug|Any CPU
		{2720E155-FF51-413B-9466-0122F2963159}.Debug|Any CPU.Build.0 = Debug|Any CPU
		{2720E155-FF51-413B-9466-0122F2963159}.Release|Any CPU.ActiveCfg = Release|Any CPU
		{2720E155-FF51-413B-9466-0122F2963159}.Release|Any CPU.Build.0 = Release|Any CPU
	EndGlobalSection
	GlobalSection(SolutionProperties) = preSolution
		HideSolutionNode = FALSE
	EndGlobalSection
	GlobalSection(ExtensibilityGlobals) = postSolution
		SolutionGuid = {2D13A642-E3B4-45A2-87AF-9591FE8CA6F1}
	EndGlobalSection
EndGlobal
